
Microsoft Visual Studio Solution File, Format Version 12.00
# Visual Studio Version 17
VisualStudioVersion = 17.0.32126.317
MinimumVisualStudioVersion = 10.0.40219.1
Project("{FAE04EC0-301F-11D3-BF4B-00C04F79EFBC}") = "Caesar Cipher", "Caesar Cipher\Caesar Cipher.csproj", "{BE5D86D9-326C-4920-A21B-5C689D2CF4E9}"
EndProject
Global
	GlobalSection(SolutionConfigurationPlatforms) = preSolution
		Debug|Any CPU = Debug|Any CPU
		Release|Any CPU = Release|Any CPU
	EndGlobalSection
	GlobalSection(ProjectConfigurationPlatforms) = postSolution
		{BE5D86D9-326C-4920-A21B-5C689D2CF4E9}.Debug|Any CPU.ActiveCfg = Debug|Any CPU
		{BE5D86D9-326C-4920-A21B-5C689D2CF4E9}.Debug|Any CPU.Build.0 = Debug|Any CPU
		{BE5D86D9-326C-4920-A21B-5C689D2CF4E9}.Release|Any CPU.ActiveCfg = Release|Any CPU
		{BE5D86D9-326C-4920-A21B-5C689D2CF4E9}.Release|Any CPU.Build.0 = Release|Any CPU
	EndGlobalSection
	GlobalSection(SolutionProperties) = preSolution
		HideSolutionNode = FALSE
	EndGlobalSection
	GlobalSection(ExtensibilityGlobals) = postSolution
		SolutionGuid = {897953F6-B074-4076-9992-3E686567B068}
	EndGlobalSection
EndGlobal
